{
  "requires": true,
  "lockfileVersion": 1,
  "dependencies": {
    "@types/angular": {
      "version": "1.6.48",
      "resolved": "https://registry.npmjs.org/@types/angular/-/angular-1.6.48.tgz",
      "integrity": "sha512-zF0WlsWOjTkZjWq93ESfvq/4s3E9P8EnbIjOFzlDbhepL2iOBk9SJf98eqnV2fvjstwrPF+uYZvcAggL7Xw1FA=="
    },
    "@types/angular-mocks": {
      "version": "1.6.1",
      "resolved": "https://registry.npmjs.org/@types/angular-mocks/-/angular-mocks-1.6.1.tgz",
      "integrity": "sha512-Rs+TS92fGnp+G5dcsfLLzGYgYUa92VzjDFZTbBO8b1HoIk24BybUxvvn4Rc8fSXs3GHeTgTL3F77M72kzHIBJg==",
      "requires": {
        "@types/angular": "*"
      }
    },
    "@types/angular-resource": {
      "version": "1.5.14",
      "resolved": "https://registry.npmjs.org/@types/angular-resource/-/angular-resource-1.5.14.tgz",
      "integrity": "sha512-dpP5DHIape+lMlLPzfOrkpkgjiDrT2lYcPY2Wrk2FTUEBlOZkR1sM+I8oR1S/ZuKCDzTxOi0UmLg+0MG7zcFyA==",
      "requires": {
        "@types/angular": "*"
      }
    },
    "@types/angular-route": {
      "version": "1.3.5",
      "resolved": "https://registry.npmjs.org/@types/angular-route/-/angular-route-1.3.5.tgz",
      "integrity": "sha512-/jvK2s1rhUaOVimYpTEg9cj9IYL+Toq05FlBYDw/hMrZNb2SrkRd2DO3Lus9SZy9URs661gtM/NyQwbBUUWWKw==",
      "requires": {
        "@types/angular": "*"
      }
    },
    "@types/systemjs": {
      "version": "0.20.6",
      "resolved": "https://registry.npmjs.org/@types/systemjs/-/systemjs-0.20.6.tgz",
      "integrity": "sha512-p3yv9sBBJXi3noUG216BpUI7VtVBUAvBIfZNTiDROUY31YBfsFHM4DreS7XMekN8IjtX0ysvCnm6r3WnirnNeA=="
    },
    "angular": {
      "version": "1.8.0",
      "resolved": "https://registry.npmjs.org/angular/-/angular-1.8.0.tgz",
      "integrity": "sha512-VdaMx+Qk0Skla7B5gw77a8hzlcOakwF8mjlW13DpIWIDlfqwAbSSLfd8N/qZnzEmQF4jC4iofInd3gE7vL8ZZg=="
    },
    "angular-mocks": {
      "version": "1.7.2",
      "resolved": "https://registry.npmjs.org/angular-mocks/-/angular-mocks-1.7.2.tgz",
      "integrity": "sha512-yj9eWPG0usXX2eDTWM6YOmAGKraT7qHwuD+NrNyaR+mtrNr2ls77WuWXTjE1hZpmxTaGj4+R1nMY696XZn740Q=="
    },
    "angular-resource": {
      "version": "1.7.2",
      "resolved": "https://registry.npmjs.org/angular-resource/-/angular-resource-1.7.2.tgz",
      "integrity": "sha512-AEjn7DpRoXum49uYbUVr0fl9ZigjE6U3PwouclmNjCrspRzcal8UI8kaqqhFJFu+ZW5e5QdBY28BVfdW0pYmpA=="
    },
    "angular-route": {
      "version": "1.7.2",
      "resolved": "https://registry.npmjs.org/angular-route/-/angular-route-1.7.2.tgz",
      "integrity": "sha512-YshcsuhYThFbuQqWDhDvxaZtwlwV6M7dPzB2Eit215t0zx/78A7SSKGtw8SsqYyPCealrgD2QWdv4iY7kl6l1w=="
    },
    "systemjs": {
      "version": "0.21.4",
      "resolved": "https://registry.npmjs.org/systemjs/-/systemjs-0.21.4.tgz",
      "integrity": "sha512-l1O8boHjAIY5UG74Xk4B63LK9QbFxv/FkQa//GGGWaTeQoMhTsWnFrYwPWBScSF4xQFMO/+v9QB4i633h8Oytw=="
    }
  }
}
