{
  "requires": true,
  "lockfileVersion": 1,
  "dependencies": {
    "@types/angular": {
      "version": "1.6.48",
      "resolved": "https://registry.npmjs.org/@types/angular/-/angular-1.6.48.tgz",
      "integrity": "sha512-zF0WlsWOjTkZjWq93ESfvq/4s3E9P8EnbIjOFzlDbhepL2iOBk9SJf98eqnV2fvjstwrPF+uYZvcAggL7Xw1FA=="
    },
    "@types/angular-resource": {
      "version": "1.5.14",
      "resolved": "https://registry.npmjs.org/@types/angular-resource/-/angular-resource-1.5.14.tgz",
      "integrity": "sha512-dpP5DHIape+lMlLPzfOrkpkgjiDrT2lYcPY2Wrk2FTUEBlOZkR1sM+I8oR1S/ZuKCDzTxOi0UmLg+0MG7zcFyA==",
      "requires": {
        "@types/angular": "*"
      }
    },
    "angular": {
      "version": "1.7.2",
      "resolved": "https://registry.npmjs.org/angular/-/angular-1.7.2.tgz",
      "integrity": "sha512-JcKKJbBdybUsmQ6x1M3xWyTYQ/ioVKJhSByEAjqrhmlOfvMFdhfMqAx5KIo8rLGk4DFolYPcCSgssjgTVjCtRQ=="
    },
    "angular-resource": {
      "version": "1.7.2",
      "resolved": "https://registry.npmjs.org/angular-resource/-/angular-resource-1.7.2.tgz",
      "integrity": "sha512-AEjn7DpRoXum49uYbUVr0fl9ZigjE6U3PwouclmNjCrspRzcal8UI8kaqqhFJFu+ZW5e5QdBY28BVfdW0pYmpA=="
    },
    "systemjs": {
      "version": "0.21.4",
      "resolved": "https://registry.npmjs.org/systemjs/-/systemjs-0.21.4.tgz",
      "integrity": "sha512-l1O8boHjAIY5UG74Xk4B63LK9QbFxv/FkQa//GGGWaTeQoMhTsWnFrYwPWBScSF4xQFMO/+v9QB4i633h8Oytw=="
    }
  }
}
